// !$*UTF8*$!
{
	archiveVersion = 1;
	classes = {
	};
	objectVersion = 56;
	objects = {

/* Begin PBXBuildFile section */
		04685B492A6BC145002CA60D /* FiveСolumnGridViewController.swift in Sources */ = {isa = PBXBuildFile; fileRef = 04685B482A6BC145002CA60D /* FiveСolumnGridViewController.swift */; };
		04685B4D2A6BC17F002CA60D /* ThreeСolumnGridViewController.swift in Sources */ = {isa = PBXBuildFile; fileRef = 04685B4C2A6BC17F002CA60D /* ThreeСolumnGridViewController.swift */; };
		04685B502A6BC1AF002CA60D /* Extensions.swift in Sources */ = {isa = PBXBuildFile; fileRef = 04685B4F2A6BC1AF002CA60D /* Extensions.swift */; };
		04685B522A6BC1E0002CA60D /* Draft.swift in Sources */ = {isa = PBXBuildFile; fileRef = 04685B512A6BC1E0002CA60D /* Draft.swift */; };
		04685B542A6BC22F002CA60D /* ZoomPresentAnimationController.swift in Sources */ = {isa = PBXBuildFile; fileRef = 04685B532A6BC22F002CA60D /* ZoomPresentAnimationController.swift */; };
		048A8BF12A769CBA000DD027 /* ZoomOutDismissAnimationController.swift in Sources */ = {isa = PBXBuildFile; fileRef = 048A8BF02A769CBA000DD027 /* ZoomOutDismissAnimationController.swift */; };
		048A8BF62A76CCF8000DD027 /* ZoomTransitioningDelegate.swift in Sources */ = {isa = PBXBuildFile; fileRef = 048A8BF52A76CCF8000DD027 /* ZoomTransitioningDelegate.swift */; };
		04E005312A6BC0850003F86B /* AppDelegate.swift in Sources */ = {isa = PBXBuildFile; fileRef = 04E005302A6BC0850003F86B /* AppDelegate.swift */; };
		04E0053A2A6BC0880003F86B /* Assets.xcassets in Resources */ = {isa = PBXBuildFile; fileRef = 04E005392A6BC0880003F86B /* Assets.xcassets */; };
		04E0053D2A6BC0880003F86B /* LaunchScreen.storyboard in Resources */ = {isa = PBXBuildFile; fileRef = 04E0053B2A6BC0880003F86B /* LaunchScreen.storyboard */; };
/* End PBXBuildFile section */

/* Begin PBXFileReference section */
		04685B482A6BC145002CA60D /* FiveСolumnGridViewController.swift */ = {isa = PBXFileReference; lastKnownFileType = sourcecode.swift; path = "FiveСolumnGridViewController.swift"; sourceTree = "<group>"; };
		04685B4C2A6BC17F002CA60D /* ThreeСolumnGridViewController.swift */ = {isa = PBXFileReference; lastKnownFileType = sourcecode.swift; path = "ThreeСolumnGridViewController.swift"; sourceTree = "<group>"; };
		04685B4F2A6BC1AF002CA60D /* Extensions.swift */ = {isa = PBXFileReference; lastKnownFileType = sourcecode.swift; path = Extensions.swift; sourceTree = "<group>"; };
		04685B512A6BC1E0002CA60D /* Draft.swift */ = {isa = PBXFileReference; lastKnownFileType = sourcecode.swift; path = Draft.swift; sourceTree = "<group>"; };
		04685B532A6BC22F002CA60D /* ZoomPresentAnimationController.swift */ = {isa = PBXFileReference; lastKnownFileType = sourcecode.swift; path = ZoomPresentAnimationController.swift; sourceTree = "<group>"; };
		048A8BF02A769CBA000DD027 /* ZoomOutDismissAnimationController.swift */ = {isa = PBXFileReference; lastKnownFileType = sourcecode.swift; path = ZoomOutDismissAnimationController.swift; sourceTree = "<group>"; };
		048A8BF52A76CCF8000DD027 /* ZoomTransitioningDelegate.swift */ = {isa = PBXFileReference; lastKnownFileType = sourcecode.swift; path = ZoomTransitioningDelegate.swift; sourceTree = "<group>"; };
		04E0052D2A6BC0850003F86B /* TGContestPhoto.app */ = {isa = PBXFileReference; explicitFileType = wrapper.application; includeInIndex = 0; path = TGContestPhoto.app; sourceTree = BUILT_PRODUCTS_DIR; };
		04E005302A6BC0850003F86B /* AppDelegate.swift */ = {isa = PBXFileReference; lastKnownFileType = sourcecode.swift; path = AppDelegate.swift; sourceTree = "<group>"; };
		04E005392A6BC0880003F86B /* Assets.xcassets */ = {isa = PBXFileReference; lastKnownFileType = folder.assetcatalog; path = Assets.xcassets; sourceTree = "<group>"; };
		04E0053C2A6BC0880003F86B /* Base */ = {isa = PBXFileReference; lastKnownFileType = file.storyboard; name = Base; path = Base.lproj/LaunchScreen.storyboard; sourceTree = "<group>"; };
		04E0053E2A6BC0880003F86B /* Info.plist */ = {isa = PBXFileReference; lastKnownFileType = text.plist.xml; path = Info.plist; sourceTree = "<group>"; };
/* End PBXFileReference section */

/* Begin PBXFrameworksBuildPhase section */
		04E0052A2A6BC0850003F86B /* Frameworks */ = {
			isa = PBXFrameworksBuildPhase;
			buildActionMask = 2147483647;
			files = (
			);
			runOnlyForDeploymentPostprocessing = 0;
		};
/* End PBXFrameworksBuildPhase section */

/* Begin PBXGroup section */
		04685B4B2A6BC16A002CA60D /* Grids */ = {
			isa = PBXGroup;
			children = (
				04685B482A6BC145002CA60D /* FiveСolumnGridViewController.swift */,
				04685B4C2A6BC17F002CA60D /* ThreeСolumnGridViewController.swift */,
			);
			name = Grids;
			sourceTree = "<group>";
		};
		04685B4E2A6BC19C002CA60D /* TransitionAnimations */ = {
			isa = PBXGroup;
			children = (
				04685B532A6BC22F002CA60D /* ZoomPresentAnimationController.swift */,
				048A8BF02A769CBA000DD027 /* ZoomOutDismissAnimationController.swift */,
			);
			name = TransitionAnimations;
			sourceTree = "<group>";
		};
		048A8BF42A76CCC7000DD027 /* TransitioningDelegate */ = {
			isa = PBXGroup;
			children = (
				048A8BF52A76CCF8000DD027 /* ZoomTransitioningDelegate.swift */,
			);
			name = TransitioningDelegate;
			sourceTree = "<group>";
		};
		04E005242A6BC0850003F86B = {
			isa = PBXGroup;
			children = (
				04E0052F2A6BC0850003F86B /* TGContestPhoto */,
				04E0052E2A6BC0850003F86B /* Products */,
			);
			sourceTree = "<group>";
		};
		04E0052E2A6BC0850003F86B /* Products */ = {
			isa = PBXGroup;
			children = (
				04E0052D2A6BC0850003F86B /* TGContestPhoto.app */,
			);
			name = Products;
			sourceTree = "<group>";
		};
		04E0052F2A6BC0850003F86B /* TGContestPhoto */ = {
			isa = PBXGroup;
			children = (
				04E005302A6BC0850003F86B /* AppDelegate.swift */,
				04685B4F2A6BC1AF002CA60D /* Extensions.swift */,
				04685B4B2A6BC16A002CA60D /* Grids */,
				048A8BF42A76CCC7000DD027 /* TransitioningDelegate */,
				04685B4E2A6BC19C002CA60D /* TransitionAnimations */,
				04685B512A6BC1E0002CA60D /* Draft.swift */,
				04E005392A6BC0880003F86B /* Assets.xcassets */,
				04E0053B2A6BC0880003F86B /* LaunchScreen.storyboard */,
				04E0053E2A6BC0880003F86B /* Info.plist */,
			);
			path = TGContestPhoto;
			sourceTree = "<group>";
		};
/* End PBXGroup section */

/* Begin PBXNativeTarget section */
		04E0052C2A6BC0850003F86B /* TGContestPhoto */ = {
			isa = PBXNativeTarget;
			buildConfigurationList = 04E005412A6BC0880003F86B /* Build configuration list for PBXNativeTarget "TGContestPhoto" */;
			buildPhases = (
				04E005292A6BC0850003F86B /* Sources */,
				04E0052A2A6BC0850003F86B /* Frameworks */,
				04E0052B2A6BC0850003F86B /* Resources */,
			);
			buildRules = (
			);
			dependencies = (
			);
			name = TGContestPhoto;
			productName = TGContestPhoto;
			productReference = 04E0052D2A6BC0850003F86B /* TGContestPhoto.app */;
			productType = "com.apple.product-type.application";
		};
/* End PBXNativeTarget section */

/* Begin PBXProject section */
		04E005252A6BC0850003F86B /* Project object */ = {
			isa = PBXProject;
			attributes = {
				BuildIndependentTargetsInParallel = 1;
				LastSwiftUpdateCheck = 1420;
				LastUpgradeCheck = 1420;
				TargetAttributes = {
					04E0052C2A6BC0850003F86B = {
						CreatedOnToolsVersion = 14.2;
					};
				};
			};
			buildConfigurationList = 04E005282A6BC0850003F86B /* Build configuration list for PBXProject "TGContestPhoto" */;
			compatibilityVersion = "Xcode 14.0";
			developmentRegion = en;
			hasScannedForEncodings = 0;
			knownRegions = (
				en,
				Base,
			);
			mainGroup = 04E005242A6BC0850003F86B;
			productRefGroup = 04E0052E2A6BC0850003F86B /* Products */;
			projectDirPath = "";
			projectRoot = "";
			targets = (
				04E0052C2A6BC0850003F86B /* TGContestPhoto */,
			);
		};
/* End PBXProject section */

/* Begin PBXResourcesBuildPhase section */
		04E0052B2A6BC0850003F86B /* Resources */ = {
			isa = PBXResourcesBuildPhase;
			buildActionMask = 2147483647;
			files = (
				04E0053D2A6BC0880003F86B /* LaunchScreen.storyboard in Resources */,
				04E0053A2A6BC0880003F86B /* Assets.xcassets in Resources */,
			);
			runOnlyForDeploymentPostprocessing = 0;
		};
/* End PBXResourcesBuildPhase section */

/* Begin PBXSourcesBuildPhase section */
		04E005292A6BC0850003F86B /* Sources */ = {
			isa = PBXSourcesBuildPhase;
			buildActionMask = 2147483647;
			files = (
				04685B522A6BC1E0002CA60D /* Draft.swift in Sources */,
				04685B4D2A6BC17F002CA60D /* ThreeСolumnGridViewController.swift in Sources */,
				04685B492A6BC145002CA60D /* FiveСolumnGridViewController.swift in Sources */,
				04685B542A6BC22F002CA60D /* ZoomPresentAnimationController.swift in Sources */,
				048A8BF62A76CCF8000DD027 /* ZoomTransitioningDelegate.swift in Sources */,
				04E005312A6BC0850003F86B /* AppDelegate.swift in Sources */,
				04685B502A6BC1AF002CA60D /* Extensions.swift in Sources */,
				048A8BF12A769CBA000DD027 /* ZoomOutDismissAnimationController.swift in Sources */,
			);
			runOnlyForDeploymentPostprocessing = 0;
		};
/* End PBXSourcesBuildPhase section */

/* Begin PBXVariantGroup section */
		04E0053B2A6BC0880003F86B /* LaunchScreen.storyboard */ = {
			isa = PBXVariantGroup;
			children = (
				04E0053C2A6BC0880003F86B /* Base */,
			);
			name = LaunchScreen.storyboard;
			sourceTree = "<group>";
		};
/* End PBXVariantGroup section */

/* Begin XCBuildConfiguration section */
		04E0053F2A6BC0880003F86B /* Debug */ = {
			isa = XCBuildConfiguration;
			buildSettings = {
				ALWAYS_SEARCH_USER_PATHS = NO;
				CLANG_ANALYZER_NONNULL = YES;
				CLANG_ANALYZER_NUMBER_OBJECT_CONVERSION = YES_AGGRESSIVE;
				CLANG_CXX_LANGUAGE_STANDARD = "gnu++20";
				CLANG_ENABLE_MODULES = YES;
				CLANG_ENABLE_OBJC_ARC = YES;
				CLANG_ENABLE_OBJC_WEAK = YES;
				CLANG_WARN_BLOCK_CAPTURE_AUTORELEASING = YES;
				CLANG_WARN_BOOL_CONVERSION = YES;
				CLANG_WARN_COMMA = YES;
				CLANG_WARN_CONSTANT_CONVERSION = YES;
				CLANG_WARN_DEPRECATED_OBJC_IMPLEMENTATIONS = YES;
				CLANG_WARN_DIRECT_OBJC_ISA_USAGE = YES_ERROR;
				CLANG_WARN_DOCUMENTATION_COMMENTS = YES;
				CLANG_WARN_EMPTY_BODY = YES;
				CLANG_WARN_ENUM_CONVERSION = YES;
				CLANG_WARN_INFINITE_RECURSION = YES;
				CLANG_WARN_INT_CONVERSION = YES;
				CLANG_WARN_NON_LITERAL_NULL_CONVERSION = YES;
				CLANG_WARN_OBJC_IMPLICIT_RETAIN_SELF = YES;
				CLANG_WARN_OBJC_LITERAL_CONVERSION = YES;
				CLANG_WARN_OBJC_ROOT_CLASS = YES_ERROR;
				CLANG_WARN_QUOTED_INCLUDE_IN_FRAMEWORK_HEADER = YES;
				CLANG_WARN_RANGE_LOOP_ANALYSIS = YES;
				CLANG_WARN_STRICT_PROTOTYPES = YES;
				CLANG_WARN_SUSPICIOUS_MOVE = YES;
				CLANG_WARN_UNGUARDED_AVAILABILITY = YES_AGGRESSIVE;
				CLANG_WARN_UNREACHABLE_CODE = YES;
				CLANG_WARN__DUPLICATE_METHOD_MATCH = YES;
				COPY_PHASE_STRIP = NO;
				DEBUG_INFORMATION_FORMAT = dwarf;
				ENABLE_STRICT_OBJC_MSGSEND = YES;
				ENABLE_TESTABILITY = YES;
				GCC_C_LANGUAGE_STANDARD = gnu11;
				GCC_DYNAMIC_NO_PIC = NO;
				GCC_NO_COMMON_BLOCKS = YES;
				GCC_OPTIMIZATION_LEVEL = 0;
				GCC_PREPROCESSOR_DEFINITIONS = (
					"DEBUG=1",
					"$(inherited)",
				);
				GCC_WARN_64_TO_32_BIT_CONVERSION = YES;
				GCC_WARN_ABOUT_RETURN_TYPE = YES_ERROR;
				GCC_WARN_UNDECLARED_SELECTOR = YES;
				GCC_WARN_UNINITIALIZED_AUTOS = YES_AGGRESSIVE;
				GCC_WARN_UNUSED_FUNCTION = YES;
				GCC_WARN_UNUSED_VARIABLE = YES;
				IPHONEOS_DEPLOYMENT_TARGET = 16.2;
				MTL_ENABLE_DEBUG_INFO = INCLUDE_SOURCE;
				MTL_FAST_MATH = YES;
				ONLY_ACTIVE_ARCH = YES;
				SDKROOT = iphoneos;
				SWIFT_ACTIVE_COMPILATION_CONDITIONS = DEBUG;
				SWIFT_OPTIMIZATION_LEVEL = "-Onone";
			};
			name = Debug;
		};
		04E005402A6BC0880003F86B /* Release */ = {
			isa = XCBuildConfiguration;
			buildSettings = {
				ALWAYS_SEARCH_USER_PATHS = NO;
				CLANG_ANALYZER_NONNULL = YES;
				CLANG_ANALYZER_NUMBER_OBJECT_CONVERSION = YES_AGGRESSIVE;
				CLANG_CXX_LANGUAGE_STANDARD = "gnu++20";
				CLANG_ENABLE_MODULES = YES;
				CLANG_ENABLE_OBJC_ARC = YES;
				CLANG_ENABLE_OBJC_WEAK = YES;
				CLANG_WARN_BLOCK_CAPTURE_AUTORELEASING = YES;
				CLANG_WARN_BOOL_CONVERSION = YES;
				CLANG_WARN_COMMA = YES;
				CLANG_WARN_CONSTANT_CONVERSION = YES;
				CLANG_WARN_DEPRECATED_OBJC_IMPLEMENTATIONS = YES;
				CLANG_WARN_DIRECT_OBJC_ISA_USAGE = YES_ERROR;
				CLANG_WARN_DOCUMENTATION_COMMENTS = YES;
				CLANG_WARN_EMPTY_BODY = YES;
				CLANG_WARN_ENUM_CONVERSION = YES;
				CLANG_WARN_INFINITE_RECURSION = YES;
				CLANG_WARN_INT_CONVERSION = YES;
				CLANG_WARN_NON_LITERAL_NULL_CONVERSION = YES;
				CLANG_WARN_OBJC_IMPLICIT_RETAIN_SELF = YES;
				CLANG_WARN_OBJC_LITERAL_CONVERSION = YES;
				CLANG_WARN_OBJC_ROOT_CLASS = YES_ERROR;
				CLANG_WARN_QUOTED_INCLUDE_IN_FRAMEWORK_HEADER = YES;
				CLANG_WARN_RANGE_LOOP_ANALYSIS = YES;
				CLANG_WARN_STRICT_PROTOTYPES = YES;
				CLANG_WARN_SUSPICIOUS_MOVE = YES;
				CLANG_WARN_UNGUARDED_AVAILABILITY = YES_AGGRESSIVE;
				CLANG_WARN_UNREACHABLE_CODE = YES;
				CLANG_WARN__DUPLICATE_METHOD_MATCH = YES;
				COPY_PHASE_STRIP = NO;
				DEBUG_INFORMATION_FORMAT = "dwarf-with-dsym";
				ENABLE_NS_ASSERTIONS = NO;
				ENABLE_STRICT_OBJC_MSGSEND = YES;
				GCC_C_LANGUAGE_STANDARD = gnu11;
				GCC_NO_COMMON_BLOCKS = YES;
				GCC_WARN_64_TO_32_BIT_CONVERSION = YES;
				GCC_WARN_ABOUT_RETURN_TYPE = YES_ERROR;
				GCC_WARN_UNDECLARED_SELECTOR = YES;
				GCC_WARN_UNINITIALIZED_AUTOS = YES_AGGRESSIVE;
				GCC_WARN_UNUSED_FUNCTION = YES;
				GCC_WARN_UNUSED_VARIABLE = YES;
				IPHONEOS_DEPLOYMENT_TARGET = 16.2;
				MTL_ENABLE_DEBUG_INFO = NO;
				MTL_FAST_MATH = YES;
				SDKROOT = iphoneos;
				SWIFT_COMPILATION_MODE = wholemodule;
				SWIFT_OPTIMIZATION_LEVEL = "-O";
				VALIDATE_PRODUCT = YES;
			};
			name = Release;
		};
		04E005422A6BC0880003F86B /* Debug */ = {
			isa = XCBuildConfiguration;
			buildSettings = {
				ASSETCATALOG_COMPILER_APPICON_NAME = AppIcon;
				ASSETCATALOG_COMPILER_GLOBAL_ACCENT_COLOR_NAME = AccentColor;
				CODE_SIGN_STYLE = Automatic;
				CURRENT_PROJECT_VERSION = 1;
				DEVELOPMENT_TEAM = 45SSL5KC89;
				GENERATE_INFOPLIST_FILE = YES;
				INFOPLIST_FILE = TGContestPhoto/Info.plist;
				INFOPLIST_KEY_UIApplicationSupportsIndirectInputEvents = YES;
				INFOPLIST_KEY_UILaunchStoryboardName = LaunchScreen;
				INFOPLIST_KEY_UISupportedInterfaceOrientations = UIInterfaceOrientationPortrait;
				INFOPLIST_KEY_UISupportedInterfaceOrientations_iPad = "UIInterfaceOrientationLandscapeLeft UIInterfaceOrientationLandscapeRight UIInterfaceOrientationPortrait UIInterfaceOrientationPortraitUpsideDown";
				LD_RUNPATH_SEARCH_PATHS = (
					"$(inherited)",
					"@executable_path/Frameworks",
				);
				MARKETING_VERSION = 1.0;
				PRODUCT_BUNDLE_IDENTIFIER = com.pogos.anesyan.TGContestPhoto;
				PRODUCT_NAME = "$(TARGET_NAME)";
				SUPPORTED_PLATFORMS = "iphoneos iphonesimulator";
				SUPPORTS_MACCATALYST = NO;
				SUPPORTS_MAC_DESIGNED_FOR_IPHONE_IPAD = NO;
				SWIFT_EMIT_LOC_STRINGS = YES;
				SWIFT_VERSION = 5.0;
				TARGETED_DEVICE_FAMILY = 1;
			};
			name = Debug;
		};
		04E005432A6BC0880003F86B /* Release */ = {
			isa = XCBuildConfiguration;
			buildSettings = {
				ASSETCATALOG_COMPILER_APPICON_NAME = AppIcon;
				ASSETCATALOG_COMPILER_GLOBAL_ACCENT_COLOR_NAME = AccentColor;
				CODE_SIGN_STYLE = Automatic;
				CURRENT_PROJECT_VERSION = 1;
				DEVELOPMENT_TEAM = 45SSL5KC89;
				GENERATE_INFOPLIST_FILE = YES;
				INFOPLIST_FILE = TGContestPhoto/Info.plist;
				INFOPLIST_KEY_UIApplicationSupportsIndirectInputEvents = YES;
				INFOPLIST_KEY_UILaunchStoryboardName = LaunchScreen;
				INFOPLIST_KEY_UISupportedInterfaceOrientations = UIInterfaceOrientationPortrait;
				INFOPLIST_KEY_UISupportedInterfaceOrientations_iPad = "UIInterfaceOrientationLandscapeLeft UIInterfaceOrientationLandscapeRight UIInterfaceOrientationPortrait UIInterfaceOrientationPortraitUpsideDown";
				LD_RUNPATH_SEARCH_PATHS = (
					"$(inherited)",
					"@executable_path/Frameworks",
				);
				MARKETING_VERSION = 1.0;
				PRODUCT_BUNDLE_IDENTIFIER = com.pogos.anesyan.TGContestPhoto;
				PRODUCT_NAME = "$(TARGET_NAME)";
				SUPPORTED_PLATFORMS = "iphoneos iphonesimulator";
				SUPPORTS_MACCATALYST = NO;
				SUPPORTS_MAC_DESIGNED_FOR_IPHONE_IPAD = NO;
				SWIFT_EMIT_LOC_STRINGS = YES;
				SWIFT_VERSION = 5.0;
				TARGETED_DEVICE_FAMILY = 1;
			};
			name = Release;
		};
/* End XCBuildConfiguration section */

/* Begin XCConfigurationList section */
		04E005282A6BC0850003F86B /* Build configuration list for PBXProject "TGContestPhoto" */ = {
			isa = XCConfigurationList;
			buildConfigurations = (
				04E0053F2A6BC0880003F86B /* Debug */,
				04E005402A6BC0880003F86B /* Release */,
			);
			defaultConfigurationIsVisible = 0;
			defaultConfigurationName = Release;
		};
		04E005412A6BC0880003F86B /* Build configuration list for PBXNativeTarget "TGContestPhoto" */ = {
			isa = XCConfigurationList;
			buildConfigurations = (
				04E005422A6BC0880003F86B /* Debug */,
				04E005432A6BC0880003F86B /* Release */,
			);
			defaultConfigurationIsVisible = 0;
			defaultConfigurationName = Release;
		};
/* End XCConfigurationList section */
	};
	rootObject = 04E005252A6BC0850003F86B /* Project object */;
}
